
Microsoft Visual Studio Solution File, Format Version 12.00
# Visual Studio Version 17
VisualStudioVersion = 17.7.34031.279
MinimumVisualStudioVersion = 10.0.40219.1
Project("{FAE04EC0-301F-11D3-BF4B-00C04F79EFBC}") = "simple_mad_lib_game", "simple_mad_lib_game\simple_mad_lib_game.csproj", "{A2F0E090-5021-4262-A4A9-AD0BD02B9FDC}"
EndProject
Global
	GlobalSection(SolutionConfigurationPlatforms) = preSolution
		Debug|Any CPU = Debug|Any CPU
		Release|Any CPU = Release|Any CPU
	EndGlobalSection
	GlobalSection(ProjectConfigurationPlatforms) = postSolution
		{A2F0E090-5021-4262-A4A9-AD0BD02B9FDC}.Debug|Any CPU.ActiveCfg = Debug|Any CPU
		{A2F0E090-5021-4262-A4A9-AD0BD02B9FDC}.Debug|Any CPU.Build.0 = Debug|Any CPU
		{A2F0E090-5021-4262-A4A9-AD0BD02B9FDC}.Release|Any CPU.ActiveCfg = Release|Any CPU
		{A2F0E090-5021-4262-A4A9-AD0BD02B9FDC}.Release|Any CPU.Build.0 = Release|Any CPU
	EndGlobalSection
	GlobalSection(SolutionProperties) = preSolution
		HideSolutionNode = FALSE
	EndGlobalSection
	GlobalSection(ExtensibilityGlobals) = postSolution
		SolutionGuid = {C0695983-3101-4AB6-9321-D1FA178ED524}
	EndGlobalSection
EndGlobal
